github.com/PuerkitoBio/goquery v1.5.1/go.mod h1:GsLWisAFVj4WgDibEWF4pvYnkVQBpKBKeU+7zCJoLcc=
github.com/andybalholm/cascadia v1.1.0/go.mod h1:GsXiBklL0woXo1j/WYWtSYYC4ouU9PqHO0sqidkEA4Y=
github.com/asaskevich/govalidator v0.0.0-20200428143746-21a406dcc535 h1:4daAzAu0S6Vi7/lbWECcX0j45yZReDZ56BQsrVBOEEY=
github.com/asaskevich/govalidator v0.0.0-20200428143746-21a406dcc535/go.mod h1:oGkLhpf+kjZl6xBf758TQhh5XrAeiJv/7FRz/2spLIg=
github.com/aws/aws-sdk-go v1.34.34 h1:5dC0ZU0xy25+UavGNEkQ/5MOQwxXDA2YXtjCL1HfYKI=
github.com/aws/aws-sdk-go v1.34.34/go.mod h1:H7NKnBqNVzoTJpGfLrQkkD+ytBA93eiDYi/+8rV9s48=
github.com/aymerick/douceur v0.2.0 h1:Mv+mAeH1Q+n9Fr+oyamOlAkUNPWPlA8PPGR0QAaYuPk=
github.com/aymerick/douceur v0.2.0/go.mod h1:wlT5vV2O3h55X9m7iVYN0TBM0NH/MmbLnd30/FjWUq4=
github.com/chris-ramon/douceur v0.2.0 h1:IDMEdxlEUUBYBKE4z/mJnFyVXox+MjuEVDJNN27glkU=
github.com/chris-ramon/douceur v0.2.0/go.mod h1:wDW5xjJdeoMm1mRt4sD4c/LbF/mWdEpRXQKjTR8nIBE=
github.com/davecgh/go-spew v1.1.0/go.mod h1:J7Y8YcW2NihsgmVo/mv3lAwl/skON4iLHjSsI+c5H38=
github.com/davecgh/go-spew v1.1.1/go.mod h1:J7Y8YcW2NihsgmVo/mv3lAwl/skON4iLHjSsI+c5H38=
github.com/denisenkom/go-mssqldb v0.0.0-20191124224453-732737034ffd/go.mod h1:xbL0rPBG9cCiLr28tMa8zpbdarY27NDyej4t/EjAShU=
github.com/dgrijalva/jwt-go v3.2.0+incompatible h1:7qlOGliEKZXTDg6OTjfoBKDXWrumCAMpl/TFQ4/5kLM=
github.com/dgrijalva/jwt-go v3.2.0+incompatible/go.mod h1:E3ru+11k8xSBh+hMPgOLZmtrrCbhqsmaPHjLKYnJCaQ=
github.com/erikstmartin/go-testdb v0.0.0-20160219214506-8d10e4a1bae5/go.mod h1:a2zkGnVExMxdzMo3M0Hi/3sEU+cWnZpSni0O6/Yb/P0=
github.com/go-sql-driver/mysql v1.5.0 h1:ozyZYNQW3x3HtqT1jira07DN2PArx2v7/mN66gGcHOs=
github.com/go-sql-driver/mysql v1.5.0/go.mod h1:DCzpHaOWr8IXmIStZouvnhqoel9Qv2LBy8hT2VhHyBg=
github.com/golang-sql/civil v0.0.0-20190719163853-cb61b32ac6fe/go.mod h1:8vg3r2VgvsThLBIFL93Qb5yWzgyZWhEmBwUJWevAkK0=
github.com/gomodule/redigo v2.0.0+incompatible h1:K/R+8tc58AaqLkqG2Ol3Qk+DR/TlNuhuh457pBFPtt0=
github.com/gomodule/redigo v2.0.0+incompatible/go.mod h1:B4C85qUVwatsJoIUNIfCRsp7qO0iAmpGFZ4EELWSbC4=
github.com/google/uuid v1.1.2 h1:EVhdT+1Kseyi1/pUmXKaFxYsDNy9RQYkMWRH68J/W7Y=
github.com/google/uuid v1.1.2/go.mod h1:TIyPZe4MgqvfeYDBFedMoGGpEw/LqOeaOT+nhxU+yHo=
github.com/gorilla/context v1.1.1 h1:AWwleXJkX/nhcU9bZSnZoi3h/qGYqQAGhq6zZe/aQW8=
github.com/gorilla/context v1.1.1/go.mod h1:kBGZzfjB9CEq2AlWe17Uuf7NDRt0dE0s8S51q0aT7Yg=
github.com/gorilla/css v1.0.0 h1:BQqNyPTi50JCFMTw/b67hByjMVXZRwGha6wxVGkeihY=
github.com/gorilla/css v1.0.0/go.mod h1:Dn721qIggHpt4+EFCcTLTU/vk5ySda2ReITrtgBl60c=
github.com/gorilla/securecookie v1.1.1 h1:miw7JPhV+b/lAHSXz4qd/nN9jRiAFV5FwjeKyCS8BvQ=
github.com/gorilla/securecookie v1.1.1/go.mod h1:ra0sb63/xPlUeL+yeDciTfxMRAA+MP+HVt/4epWDjd4=
github.com/gorilla/sessions v1.2.0 h1:S7P+1Hm5V/AT9cjEcUD5uDaQSX0OE577aCXgoaKpYbQ=
github.com/gorilla/sessions v1.2.0/go.mod h1:dk2InVEVJ0sfLlnXv9EAgkf6ecYs/i80K/zI+bUmuGM=
github.com/gorilla/websocket v1.4.2 h1:+/TMaTYc4QFitKJxsQ7Yye35DkWvkdLcvGKqM+x0Ufc=
github.com/gorilla/websocket v1.4.2/go.mod h1:YR8l580nyteQvAITg2hZ9XVh4b55+EU/adAjf1fMHhE=
github.com/gosimple/slug v1.9.0 h1:r5vDcYrFz9BmfIAMC829un9hq7hKM4cHUrsv36LbEqs=
github.com/gosimple/slug v1.9.0/go.mod h1:AMZ+sOVe65uByN3kgEyf9WEBKBCSS+dJjMX9x4vDJbg=
github.com/jinzhu/gorm v1.9.14 h1:Kg3ShyTPcM6nzVo148fRrcMO6MNKuqtOUwnzqMgVniM=
github.com/jinzhu/gorm v1.9.14/go.mod h1:G3LB3wezTOWM2ITLzPxEXgSkOXAntiLHS7UdBefADcs=
github.com/jinzhu/inflection v1.0.0 h1:K317FqzuhWc8YvSVlFMCCUb36O/S9MCKRDI7QkRKD/E=
github.com/jinzhu/inflection v1.0.0/go.mod h1:h+uFLlag+Qp1Va5pdKtLDYj+kHp5pxUVkryuEj+Srlc=
github.com/jinzhu/now v1.0.1 h1:HjfetcXq097iXP0uoPCdnM4Efp5/9MsM0/M+XOTeR3M=
github.com/jinzhu/now v1.0.1/go.mod h1:d3SSVoowX0Lcu0IBviAWJpolVfI5UJVZZ7cO71lE/z8=
github.com/jmespath/go-jmespath v0.4.0 h1:BEgLn5cpjn8UN1mAw4NjwDrS35OdebyEtFe+9YPoQUg=
github.com/jmespath/go-jmespath v0.4.0/go.mod h1:T8mJZnbsbmF+m6zOOFylbeCJqk5+pHWvzYPziyZiYoo=
github.com/jmespath/go-jmespath/internal/testify v1.5.1/go.mod h1:L3OGu8Wl2/fWfCI6z80xFu9LTZmf1ZRjMHUOPmWr69U=
github.com/konsorten/go-windows-terminal-sequences v1.0.3/go.mod h1:T0+1ngSBFLxvqU3pZ+m/2kptfBszLMUkC4ZK/EgS/cQ=
github.com/kylelemons/go-gypsy v0.0.0-20160905020020-08cad365cd28 h1:mkl3tvPHIuPaWsLtmHTybJeoVEW7cbePK73Ir8VtruA=
github.com/kylelemons/go-gypsy v0.0.0-20160905020020-08cad365cd28/go.mod h1:T/T7jsxVqf9k/zYOqbgNAsANsjxTd1Yq3htjDhQ1H0c=
github.com/labstack/echo v3.3.10+incompatible h1:pGRcYk231ExFAyoAjAfD85kQzRJCRI8bbnE7CX5OEgg=
github.com/labstack/echo v3.3.10+incompatible/go.mod h1:0INS7j/VjnFxD4E2wkz67b8cVwCLbBmJyDaka6Cmk1s=
github.com/labstack/echo/v4 v4.1.16 h1:8swiwjE5Jkai3RPfZoahp8kjVCRNq+y7Q0hPji2Kz0o=
github.com/labstack/echo/v4 v4.1.16/go.mod h1:awO+5TzAjvL8XpibdsfXxPgHr+orhtXZJZIQCVjogKI=
github.com/labstack/gommon v0.3.0 h1:JEeO0bvc78PKdyHxloTKiF8BD5iGrH8T6MSeGvSgob0=
github.com/labstack/gommon v0.3.0/go.mod h1:MULnywXg0yavhxWKc+lOruYdAhDwPK9wf0OL7NoOu+k=
github.com/lib/pq v1.1.1/go.mod h1:5WUZQaWbwv1U+lTReE5YruASi9Al49XbQIvNi/34Woo=
github.com/mattn/go-colorable v0.1.2/go.mod h1:U0ppj6V5qS13XJ6of8GYAs25YV2eR4EVcfRqFIhoBtE=
github.com/mattn/go-colorable v0.1.6 h1:6Su7aK7lXmJ/U79bYtBjLNaha4Fs1Rg9plHpcH+vvnE=
github.com/mattn/go-colorable v0.1.6/go.mod h1:u6P/XSegPjTcexA+o6vUJrdnUu04hMope9wVRipJSqc=
github.com/mattn/go-isatty v0.0.8/go.mod h1:Iq45c/XA43vh69/j3iqttzPXn0bhXyGjM0Hdxcsrc5s=
github.com/mattn/go-isatty v0.0.9/go.mod h1:YNRxwqDuOph6SZLI9vUUz6OYw3QyUt7WiY2yME+cCiQ=
github.com/mattn/go-isatty v0.0.12 h1:wuysRhFDzyxgEmMf5xjvJ2M9dZoWAXNNr5LSBS7uHXY=
github.com/mattn/go-isatty v0.0.12/go.mod h1:cbi8OIDigv2wuxKPP5vlRcQ1OAZbq2CE4Kysco4FUpU=
github.com/mattn/go-sqlite3 v1.14.0/go.mod h1:JIl7NbARA7phWnGvh0LKTyg7S9BA+6gx71ShQilpsus=
github.com/microcosm-cc/bluemonday v1.0.3 h1:EjVH7OqbU219kdm8acbveoclh2zZFqPJTJw6VUlTLAQ=
github.com/microcosm-cc/bluemonday v1.0.3/go.mod h1:8iwZnFn2CDDNZ0r6UXhF4xawGvzaqzCRa1n3/lO3W2w=
github.com/newrelic/go-agent v3.8.0+incompatible h1:IxJKEK7SihVTXTDIpjl2GW2x3kl47yyi7IEq/jpbgME=
github.com/newrelic/go-agent v3.8.0+incompatible/go.mod h1:a8Fv1b/fYhFSReoTU6HDkTYIMZeSVNffmoS726Y0LzQ=
github.com/oldfritter/echo-middleware/v4 v4.0.3 h1:VznFQaDzwYgpJUvvDgW80Cgq/09ONSYc0ATRXDj6604=
github.com/oldfritter/echo-middleware/v4 v4.0.3/go.mod h1:cY56m1s4VbzRUtDiv4i2UicfgDqQ4qk0HRNY/fq/VFQ=
github.com/oldfritter/sneaker-go v1.1.0 h1:J5bXkAx73eVylAgqM+4x8oNdoHKmAHK9IRmTyNJtRnU=
github.com/oldfritter/sneaker-go v1.1.0/go.mod h1:q9+KC43OfLklfiKffi11et1HpMufAyD5q3mI/cdpOHw=
github.com/pkg/errors v0.9.1/go.mod h1:bwawxfHBFNV+L2hUp1rHADufV3IMtnDRdf1r5NINEl0=
github.com/pmezard/go-difflib v1.0.0/go.mod h1:iKH77koFhYxTK1pcRnkKkqfTogsbg7gZNVY4sRDYZ/4=
github.com/qiniu/api.v7 v7.2.5+incompatible h1:6KKaGt7MbFzVGSniwzv7qsM/Qv0or4SkRJfmak8LqZE=
github.com/qiniu/api.v7 v7.2.5+incompatible/go.mod h1:V8/EzlTgLN6q0s0CJmg/I81ytsvldSF22F7h6MI02+c=
github.com/qiniu/api.v7/v7 v7.5.0 h1:DY6NrIp6FZ1GP4Roc9hRnO2m+OLzASYNnvz5Mbgw1rk=
github.com/qiniu/api.v7/v7 v7.5.0/go.mod h1:VE5oC5rkE1xul0u1S2N0b2Uxq9/6hZzhyqjgK25XDcM=
github.com/qiniu/x v1.11.5 h1:TYr5cl4g2yoHAZeDK4MTjKF6CMoG+IHlCDvvM5qym6U=
github.com/qor/admin v0.0.0-20200701030804-02d81a10a8bf h1:L1Ukh35YyjUsR0Lqk0PX6PNuWWK0y132pfP1P5QAGy0=
github.com/qor/admin v0.0.0-20200701030804-02d81a10a8bf/go.mod h1:Sm5kX+Hkq1LKiFyqZJLnncUg8dWM/2roOEiy98NOUzA=
github.com/qor/assetfs v0.0.0-20170713023933-ff57fdc13a14 h1:JRpyNNSRAkwNHd4WgyPcalTAhxOCh3eFNMoQkxWhjSw=
github.com/qor/assetfs v0.0.0-20170713023933-ff57fdc13a14/go.mod h1:GZSCP3jIneuPsav3pXmpmJwz9ES+Fuq4ZPOUC3wwckQ=
github.com/qor/cache v0.0.0-20171031031927-c9d48d1f13ba h1:XBEqqX1xirq3pYMGw8Jr0urCfhPXbJEh1KPwKLd24MM=
github.com/qor/cache v0.0.0-20171031031927-c9d48d1f13ba/go.mod h1:DvjFc9BNYPuokuaZVaXvVukLqqkYDlToNC+Gszv3oRs=
github.com/qor/i18n v0.0.0-20181014061908-f7206d223bcd h1:vMNFvjn0dHz7Y+RedFPwvDore+i+DvjsEN33rsfUC+M=
github.com/qor/i18n v0.0.0-20181014061908-f7206d223bcd/go.mod h1:J1gDK288kgSz1oIV9MgV0JmL6pxtXxL/tN7MvCJB3V4=
github.com/qor/middlewares v0.0.0-20170822143614-781378b69454 h1:+WCc1IigwWpWBxMFsmLUsIF230TakGHstDajd8aKDAc=
github.com/qor/middlewares v0.0.0-20170822143614-781378b69454/go.mod h1:PejEyg3hS+Toh5m0AKRv2jK5br8qIoHLqmHrpg0WJYg=
github.com/qor/qor v0.0.0-20200224122013-457d2e3f50e1 h1:oxV/UtQmFJiWvh18ngprVhnyxRmSZaK/NcH7REjfEkk=
github.com/qor/qor v0.0.0-20200224122013-457d2e3f50e1/go.mod h1:oG+LgDEnsI9avcFFdczoZnBe3rw42s4cG433w6XpEig=
github.com/qor/responder v0.0.0-20171031032654-b6def473574f h1:sKELSAyL+z5BRHFe97Bx71z197cBEobVJ6rASKTMSqU=
github.com/qor/responder v0.0.0-20171031032654-b6def473574f/go.mod h1:0TL2G+qGDYhHJ6XIJ6UcqkZVN+jp8AGqGU2wDnv2qas=
github.com/qor/roles v0.0.0-20171127035124-d6375609fe3e h1:F0BNcPJKfubM/+IIILu/GbrH9v2vPZWQ5/StSRKUfK4=
github.com/qor/roles v0.0.0-20171127035124-d6375609fe3e/go.mod h1:++RicL9Ia/BrQHppwAsMc5CA7mAjnBLNniB46MzUteA=
github.com/qor/session v0.0.0-20170907035918-8206b0adab70 h1:8l21EEdlZ9R0AA3FbeUAANc5NAx8Y3tn1VKbyAgjYlI=
github.com/qor/session v0.0.0-20170907035918-8206b0adab70/go.mod h1:ldgcaca0ZGx6tFtd/w0ELq5jHD/KLJ1Lbdn8qhr/pQ0=
github.com/qor/validations v0.0.0-20171228122639-f364bca61b46 h1:dRlsVUhwD1pwrasuVbNooGQITYjKzmXK5eYoEEvBGQI=
github.com/qor/validations v0.0.0-20171228122639-f364bca61b46/go.mod h1:UJsA0AuvrKNaWtrb1UzKai10mN3ZBbQkPjUHpxwahTc=
github.com/rainycape/unidecode v0.0.0-20150907023854-cb7f23ec59be h1:ta7tUOvsPHVHGom5hKW5VXNc2xZIkfCKP8iaqOyYtUQ=
github.com/rainycape/unidecode v0.0.0-20150907023854-cb7f23ec59be/go.mod h1:MIDFMn7db1kT65GmV94GzpX9Qdi7N/pQlwb+AN8wh+Q=
github.com/sirupsen/logrus v1.6.0 h1:UBcNElsrwanuuMsnGSlYmtmgbb23qDR5dG+6X6Oo89I=
github.com/sirupsen/logrus v1.6.0/go.mod h1:7uNnSEd1DgxDLC74fIahvMZmmYsHGZGEOFrfsX/uA88=
github.com/streadway/amqp v0.0.0-20200108173154-1c71cc93ed71/go.mod h1:AZpEONHx3DKn8O/DFsRAY58/XVQiIPMTMB1SddzLXVw=
github.com/streadway/amqp v1.0.0 h1:kuuDrUJFZL1QYL9hUNuCxNObNzB0bV/ZG5jV3RWAQgo=
github.com/streadway/amqp v1.0.0/go.mod h1:AZpEONHx3DKn8O/DFsRAY58/XVQiIPMTMB1SddzLXVw=
github.com/stretchr/objx v0.1.0/go.mod h1:HFkY916IF+rwdDfMAkV7OtwuqBVzrE8GR6GFx+wExME=
github.com/stretchr/testify v1.2.2/go.mod h1:a8OnRcib4nhh0OaRAV+Yts87kKdq0PP7pXfy6kDkUVs=
github.com/stretchr/testify v1.4.0/go.mod h1:j7eGeouHqKxXV5pUuKE4zz7dFj8WfuZ+81PSLYec5m4=
github.com/theplant/cldr v0.0.0-20190423050709-9f76f7ce4ee8 h1:di0cR5qqo2DllBMwmP75kZpUX6dAXhsn1O2dshQfMaA=
github.com/theplant/cldr v0.0.0-20190423050709-9f76f7ce4ee8/go.mod h1:MIL7SmF8wRAYDn+JexczVRUiJXTCi4VbQavsCKWKwXI=
github.com/valyala/bytebufferpool v1.0.0 h1:GqA5TC/0021Y/b9FG4Oi9Mr3q7XYx6KllzawFIhcdPw=
github.com/valyala/bytebufferpool v1.0.0/go.mod h1:6bBcMArwyJ5K/AmCkWv1jt77kVWyCJ6HpOuEn7z0Csc=
github.com/valyala/fasttemplate v1.0.1/go.mod h1:UQGH1tvbgY+Nz5t2n7tXsz52dQxojPUpymEIMZ47gx8=
github.com/valyala/fasttemplate v1.1.0 h1:RZqt0yGBsps8NGvLSGW804QQqCUYYLsaOjTVHy1Ocw4=
github.com/valyala/fasttemplate v1.1.0/go.mod h1:UQGH1tvbgY+Nz5t2n7tXsz52dQxojPUpymEIMZ47gx8=
golang.org/x/crypto v0.0.0-20190308221718-c2843e01d9a2/go.mod h1:djNgcEr1/C05ACkg1iLfiJU5Ep61QUkGW8qpdssI0+w=
golang.org/x/crypto v0.0.0-20190325154230-a5d413f7728c/go.mod h1:djNgcEr1/C05ACkg1iLfiJU5Ep61QUkGW8qpdssI0+w=
golang.org/x/crypto v0.0.0-20191205180655-e7c4368fe9dd/go.mod h1:LzIPMQfyMNhhGPhUkYOs5KpL4U8rLKemX1yGLhDgUto=
golang.org/x/crypto v0.0.0-20200221231518-2aa609cf4a9d/go.mod h1:LzIPMQfyMNhhGPhUkYOs5KpL4U8rLKemX1yGLhDgUto=
golang.org/x/crypto v0.0.0-20200622213623-75b288015ac9 h1:psW17arqaxU48Z5kZ0CQnkZWQJsqcURM6tKiBApRjXI=
golang.org/x/crypto v0.0.0-20200622213623-75b288015ac9/go.mod h1:LzIPMQfyMNhhGPhUkYOs5KpL4U8rLKemX1yGLhDgUto=
golang.org/x/net v0.0.0-20180218175443-cbe0f9307d01/go.mod h1:mL1N/T3taQHkDXs73rZJwtUhF3w3ftmwwsq0BUmARs4=
golang.org/x/net v0.0.0-20181220203305-927f97764cc3/go.mod h1:mL1N/T3taQHkDXs73rZJwtUhF3w3ftmwwsq0BUmARs4=
golang.org/x/net v0.0.0-20190404232315-eb5bcb51f2a3/go.mod h1:t9HGtf8HONx5eT2rtn7q6eTqICYqUVnKs3thJo3Qplg=
golang.org/x/net v0.0.0-20200202094626-16171245cfb2/go.mod h1:z5CRVTTTmAJ677TzLLGU+0bjPO0LkuOLi4/5GtJWs/s=
golang.org/x/net v0.0.0-20200226121028-0de0cce0169b/go.mod h1:z5CRVTTTmAJ677TzLLGU+0bjPO0LkuOLi4/5GtJWs/s=
golang.org/x/net v0.0.0-20200324143707-d3edc9973b7e h1:3G+cUijn7XD+S4eJFddp53Pv7+slrESplyjG25HgL+k=
golang.org/x/net v0.0.0-20200324143707-d3edc9973b7e/go.mod h1:qpuaurCH72eLCgpAm/N6yyVIVM9cpaDIP3A8BGJEC5A=
golang.org/x/sys v0.0.0-20190215142949-d0b11bdaac8a/go.mod h1:STP8DvDyc/dI5b8T5hshtkjS+E42TnysNCUPdjciGhY=
golang.org/x/sys v0.0.0-20190222072716-a9d3bda3a223/go.mod h1:STP8DvDyc/dI5b8T5hshtkjS+E42TnysNCUPdjciGhY=
golang.org/x/sys v0.0.0-20190412213103-97732733099d/go.mod h1:h1NjWce9XRLGQEsW7wpKNCjG9DtNlClVuFLEZdDNbEs=
golang.org/x/sys v0.0.0-20190422165155-953cdadca894/go.mod h1:h1NjWce9XRLGQEsW7wpKNCjG9DtNlClVuFLEZdDNbEs=
golang.org/x/sys v0.0.0-20190813064441-fde4db37ae7a/go.mod h1:h1NjWce9XRLGQEsW7wpKNCjG9DtNlClVuFLEZdDNbEs=
golang.org/x/sys v0.0.0-20200116001909-b77594299b42/go.mod h1:h1NjWce9XRLGQEsW7wpKNCjG9DtNlClVuFLEZdDNbEs=
golang.org/x/sys v0.0.0-20200223170610-d5e6a3e2c0ae/go.mod h1:h1NjWce9XRLGQEsW7wpKNCjG9DtNlClVuFLEZdDNbEs=
golang.org/x/sys v0.0.0-20200323222414-85ca7c5b95cd h1:xhmwyvizuTgC2qz7ZlMluP20uW+C3Rm0FD/WLDX8884=
golang.org/x/sys v0.0.0-20200323222414-85ca7c5b95cd/go.mod h1:h1NjWce9XRLGQEsW7wpKNCjG9DtNlClVuFLEZdDNbEs=
golang.org/x/text v0.3.0/go.mod h1:NqM8EUOU14njkJ3fqMW+pc6Ldnwhi/IjpwHt7yyuwOQ=
golang.org/x/text v0.3.2 h1:tW2bmiBqwgJj/UpqtC8EpXEZVYOwU0yG4iWbprSVAcs=
golang.org/x/text v0.3.2/go.mod h1:bEr9sfX3Q8Zfm5fL9x+3itogRgK3+ptLWKqgva+5dAk=
golang.org/x/tools v0.0.0-20180917221912-90fa682c2a6e/go.mod h1:n7NCudcB/nEzxVGmLbDWY5pfWTLqBcC2KZ6jyYvM4mQ=
gopkg.in/check.v1 v0.0.0-20161208181325-20d25e280405/go.mod h1:Co6ibVJAznAaIkqp8huTwlJQCZ016jof/cbN4VW5Yz0=
gopkg.in/yaml.v2 v2.2.2/go.mod h1:hI93XBmqTisBFMUTm0b8Fm+jr3Dg1NNxqwp+5A1VGuI=
gopkg.in/yaml.v2 v2.2.8/go.mod h1:hI93XBmqTisBFMUTm0b8Fm+jr3Dg1NNxqwp+5A1VGuI=
gopkg.in/yaml.v2 v2.3.0 h1:clyUAQHOM3G0M3f5vQj7LuJrETvjVot3Z5el9nffUtU=
gopkg.in/yaml.v2 v2.3.0/go.mod h1:hI93XBmqTisBFMUTm0b8Fm+jr3Dg1NNxqwp+5A1VGuI=
